{
  "name": "vernode",
  "version": "2.0.0",
  "lockfileVersion": 3,
  "requires": true,
  "packages": {
    "": {
      "name": "vernode",
      "version": "2.0.0",
      "license": "MIT",
      "bin": {
        "vernode": "cli.mjs"
      },
      "devDependencies": {},
      "engines": {
        "node": ">=18.0.0"
      }
    }
  }
}
